
Microsoft Visual Studio Solution File, Format Version 12.00
# Visual Studio Version 17
VisualStudioVersion = 17.10.35027.167
MinimumVisualStudioVersion = 10.0.40219.1
Project("{FAE04EC0-301F-11D3-BF4B-00C04F79EFBC}") = "Identity1", "Identity1\Identity1.csproj", "{D80E5318-121B-4BCD-A2E0-5C48642901E6}"
EndProject
Global
	GlobalSection(SolutionConfigurationPlatforms) = preSolution
		Debug|Any CPU = Debug|Any CPU
		Release|Any CPU = Release|Any CPU
	EndGlobalSection
	GlobalSection(ProjectConfigurationPlatforms) = postSolution
		{D80E5318-121B-4BCD-A2E0-5C48642901E6}.Debug|Any CPU.ActiveCfg = Debug|Any CPU
		{D80E5318-121B-4BCD-A2E0-5C48642901E6}.Debug|Any CPU.Build.0 = Debug|Any CPU
		{D80E5318-121B-4BCD-A2E0-5C48642901E6}.Release|Any CPU.ActiveCfg = Release|Any CPU
		{D80E5318-121B-4BCD-A2E0-5C48642901E6}.Release|Any CPU.Build.0 = Release|Any CPU
	EndGlobalSection
	GlobalSection(SolutionProperties) = preSolution
		HideSolutionNode = FALSE
	EndGlobalSection
	GlobalSection(ExtensibilityGlobals) = postSolution
		SolutionGuid = {32F9D0C3-69EE-4521-98BF-383864CEE27E}
	EndGlobalSection
EndGlobal
